// !$*UTF8*$!
{
	archiveVersion = 1;
	classes = {
	};
	objectVersion = 50;
	objects = {

/* Begin PBXBuildFile section */
		C81D71E4243624B100E7079A /* AppDelegate.swift in Sources */ = {isa = PBXBuildFile; fileRef = C81D71E3243624B100E7079A /* AppDelegate.swift */; };
		C81D71E6243624B100E7079A /* SceneDelegate.swift in Sources */ = {isa = PBXBuildFile; fileRef = C81D71E5243624B100E7079A /* SceneDelegate.swift */; };
		C81D71E8243624B100E7079A /* ViewController.swift in Sources */ = {isa = PBXBuildFile; fileRef = C81D71E7243624B100E7079A /* ViewController.swift */; };
		C81D71EB243624B100E7079A /* Main.storyboard in Resources */ = {isa = PBXBuildFile; fileRef = C81D71E9243624B100E7079A /* Main.storyboard */; };
		C81D71EE243624B100E7079A /* Movie_Static_Table.xcdatamodeld in Sources */ = {isa = PBXBuildFile; fileRef = C81D71EC243624B100E7079A /* Movie_Static_Table.xcdatamodeld */; };
		C81D71F0243624B200E7079A /* Assets.xcassets in Resources */ = {isa = PBXBuildFile; fileRef = C81D71EF243624B200E7079A /* Assets.xcassets */; };
		C81D71F3243624B200E7079A /* LaunchScreen.storyboard in Resources */ = {isa = PBXBuildFile; fileRef = C81D71F1243624B200E7079A /* LaunchScreen.storyboard */; };
		C81D71FB2436257900E7079A /* Movie.swift in Sources */ = {isa = PBXBuildFile; fileRef = C81D71FA2436257900E7079A /* Movie.swift */; };
		C81D72052436338D00E7079A /* AddViewController.swift in Sources */ = {isa = PBXBuildFile; fileRef = C81D72042436338D00E7079A /* AddViewController.swift */; };
		C81D720724364F9100E7079A /* AddProtocol.swift in Sources */ = {isa = PBXBuildFile; fileRef = C81D720624364F9100E7079A /* AddProtocol.swift */; };
		C81D720924365D3000E7079A /* DetailsViewController.swift in Sources */ = {isa = PBXBuildFile; fileRef = C81D720824365D3000E7079A /* DetailsViewController.swift */; };
/* End PBXBuildFile section */

/* Begin PBXFileReference section */
		C81D71E0243624B100E7079A /* Movie Static Table.app */ = {isa = PBXFileReference; explicitFileType = wrapper.application; includeInIndex = 0; path = "Movie Static Table.app"; sourceTree = BUILT_PRODUCTS_DIR; };
		C81D71E3243624B100E7079A /* AppDelegate.swift */ = {isa = PBXFileReference; lastKnownFileType = sourcecode.swift; path = AppDelegate.swift; sourceTree = "<group>"; };
		C81D71E5243624B100E7079A /* SceneDelegate.swift */ = {isa = PBXFileReference; lastKnownFileType = sourcecode.swift; path = SceneDelegate.swift; sourceTree = "<group>"; };
		C81D71E7243624B100E7079A /* ViewController.swift */ = {isa = PBXFileReference; lastKnownFileType = sourcecode.swift; path = ViewController.swift; sourceTree = "<group>"; };
		C81D71EA243624B100E7079A /* Base */ = {isa = PBXFileReference; lastKnownFileType = file.storyboard; name = Base; path = Base.lproj/Main.storyboard; sourceTree = "<group>"; };
		C81D71ED243624B100E7079A /* Movie_Static_Table.xcdatamodel */ = {isa = PBXFileReference; lastKnownFileType = wrapper.xcdatamodel; path = Movie_Static_Table.xcdatamodel; sourceTree = "<group>"; };
		C81D71EF243624B200E7079A /* Assets.xcassets */ = {isa = PBXFileReference; lastKnownFileType = folder.assetcatalog; path = Assets.xcassets; sourceTree = "<group>"; };
		C81D71F2243624B200E7079A /* Base */ = {isa = PBXFileReference; lastKnownFileType = file.storyboard; name = Base; path = Base.lproj/LaunchScreen.storyboard; sourceTree = "<group>"; };
		C81D71F4243624B200E7079A /* Info.plist */ = {isa = PBXFileReference; lastKnownFileType = text.plist.xml; path = Info.plist; sourceTree = "<group>"; };
		C81D71FA2436257900E7079A /* Movie.swift */ = {isa = PBXFileReference; lastKnownFileType = sourcecode.swift; path = Movie.swift; sourceTree = "<group>"; };
		C81D72042436338D00E7079A /* AddViewController.swift */ = {isa = PBXFileReference; lastKnownFileType = sourcecode.swift; path = AddViewController.swift; sourceTree = "<group>"; };
		C81D720624364F9100E7079A /* AddProtocol.swift */ = {isa = PBXFileReference; lastKnownFileType = sourcecode.swift; path = AddProtocol.swift; sourceTree = "<group>"; };
		C81D720824365D3000E7079A /* DetailsViewController.swift */ = {isa = PBXFileReference; lastKnownFileType = sourcecode.swift; path = DetailsViewController.swift; sourceTree = "<group>"; };
/* End PBXFileReference section */

/* Begin PBXFrameworksBuildPhase section */
		C81D71DD243624B100E7079A /* Frameworks */ = {
			isa = PBXFrameworksBuildPhase;
			buildActionMask = 2147483647;
			files = (
			);
			runOnlyForDeploymentPostprocessing = 0;
		};
/* End PBXFrameworksBuildPhase section */

/* Begin PBXGroup section */
		C81D71D7243624B100E7079A = {
			isa = PBXGroup;
			children = (
				C81D71E2243624B100E7079A /* Movie Static Table */,
				C81D71E1243624B100E7079A /* Products */,
			);
			sourceTree = "<group>";
		};
		C81D71E1243624B100E7079A /* Products */ = {
			isa = PBXGroup;
			children = (
				C81D71E0243624B100E7079A /* Movie Static Table.app */,
			);
			name = Products;
			sourceTree = "<group>";
		};
		C81D71E2243624B100E7079A /* Movie Static Table */ = {
			isa = PBXGroup;
			children = (
				C81D71E3243624B100E7079A /* AppDelegate.swift */,
				C81D71E5243624B100E7079A /* SceneDelegate.swift */,
				C81D71E7243624B100E7079A /* ViewController.swift */,
				C81D72042436338D00E7079A /* AddViewController.swift */,
				C81D720824365D3000E7079A /* DetailsViewController.swift */,
				C81D720624364F9100E7079A /* AddProtocol.swift */,
				C81D71FA2436257900E7079A /* Movie.swift */,
				C81D71E9243624B100E7079A /* Main.storyboard */,
				C81D71EF243624B200E7079A /* Assets.xcassets */,
				C81D71F1243624B200E7079A /* LaunchScreen.storyboard */,
				C81D71F4243624B200E7079A /* Info.plist */,
				C81D71EC243624B100E7079A /* Movie_Static_Table.xcdatamodeld */,
			);
			path = "Movie Static Table";
			sourceTree = "<group>";
		};
/* End PBXGroup section */

/* Begin PBXNativeTarget section */
		C81D71DF243624B100E7079A /* Movie Static Table */ = {
			isa = PBXNativeTarget;
			buildConfigurationList = C81D71F7243624B200E7079A /* Build configuration list for PBXNativeTarget "Movie Static Table" */;
			buildPhases = (
				C81D71DC243624B100E7079A /* Sources */,
				C81D71DD243624B100E7079A /* Frameworks */,
				C81D71DE243624B100E7079A /* Resources */,
			);
			buildRules = (
			);
			dependencies = (
			);
			name = "Movie Static Table";
			productName = "Movie Static Table";
			productReference = C81D71E0243624B100E7079A /* Movie Static Table.app */;
			productType = "com.apple.product-type.application";
		};
/* End PBXNativeTarget section */

/* Begin PBXProject section */
		C81D71D8243624B100E7079A /* Project object */ = {
			isa = PBXProject;
			attributes = {
				LastSwiftUpdateCheck = 1130;
				LastUpgradeCheck = 1130;
				ORGANIZATIONNAME = ahmedpro;
				TargetAttributes = {
					C81D71DF243624B100E7079A = {
						CreatedOnToolsVersion = 11.3;
					};
				};
			};
			buildConfigurationList = C81D71DB243624B100E7079A /* Build configuration list for PBXProject "Movie Static Table" */;
			compatibilityVersion = "Xcode 9.3";
			developmentRegion = en;
			hasScannedForEncodings = 0;
			knownRegions = (
				en,
				Base,
			);
			mainGroup = C81D71D7243624B100E7079A;
			productRefGroup = C81D71E1243624B100E7079A /* Products */;
			projectDirPath = "";
			projectRoot = "";
			targets = (
				C81D71DF243624B100E7079A /* Movie Static Table */,
			);
		};
/* End PBXProject section */

/* Begin PBXResourcesBuildPhase section */
		C81D71DE243624B100E7079A /* Resources */ = {
			isa = PBXResourcesBuildPhase;
			buildActionMask = 2147483647;
			files = (
				C81D71F3243624B200E7079A /* LaunchScreen.storyboard in Resources */,
				C81D71F0243624B200E7079A /* Assets.xcassets in Resources */,
				C81D71EB243624B100E7079A /* Main.storyboard in Resources */,
			);
			runOnlyForDeploymentPostprocessing = 0;
		};
/* End PBXResourcesBuildPhase section */

/* Begin PBXSourcesBuildPhase section */
		C81D71DC243624B100E7079A /* Sources */ = {
			isa = PBXSourcesBuildPhase;
			buildActionMask = 2147483647;
			files = (
				C81D71E8243624B100E7079A /* ViewController.swift in Sources */,
				C81D720724364F9100E7079A /* AddProtocol.swift in Sources */,
				C81D71EE243624B100E7079A /* Movie_Static_Table.xcdatamodeld in Sources */,
				C81D720924365D3000E7079A /* DetailsViewController.swift in Sources */,
				C81D72052436338D00E7079A /* AddViewController.swift in Sources */,
				C81D71E4243624B100E7079A /* AppDelegate.swift in Sources */,
				C81D71E6243624B100E7079A /* SceneDelegate.swift in Sources */,
				C81D71FB2436257900E7079A /* Movie.swift in Sources */,
			);
			runOnlyForDeploymentPostprocessing = 0;
		};
/* End PBXSourcesBuildPhase section */

/* Begin PBXVariantGroup section */
		C81D71E9243624B100E7079A /* Main.storyboard */ = {
			isa = PBXVariantGroup;
			children = (
				C81D71EA243624B100E7079A /* Base */,
			);
			name = Main.storyboard;
			sourceTree = "<group>";
		};
		C81D71F1243624B200E7079A /* LaunchScreen.storyboard */ = {
			isa = PBXVariantGroup;
			children = (
				C81D71F2243624B200E7079A /* Base */,
			);
			name = LaunchScreen.storyboard;
			sourceTree = "<group>";
		};
/* End PBXVariantGroup section */

/* Begin XCBuildConfiguration section */
		C81D71F5243624B200E7079A /* Debug */ = {
			isa = XCBuildConfiguration;
			buildSettings = {
				ALWAYS_SEARCH_USER_PATHS = NO;
				CLANG_ANALYZER_NONNULL = YES;
				CLANG_ANALYZER_NUMBER_OBJECT_CONVERSION = YES_AGGRESSIVE;
				CLANG_CXX_LANGUAGE_STANDARD = "gnu++14";
				CLANG_CXX_LIBRARY = "libc++";
				CLANG_ENABLE_MODULES = YES;
				CLANG_ENABLE_OBJC_ARC = YES;
				CLANG_ENABLE_OBJC_WEAK = YES;
				CLANG_WARN_BLOCK_CAPTURE_AUTORELEASING = YES;
				CLANG_WARN_BOOL_CONVERSION = YES;
				CLANG_WARN_COMMA = YES;
				CLANG_WARN_CONSTANT_CONVERSION = YES;
				CLANG_WARN_DEPRECATED_OBJC_IMPLEMENTATIONS = YES;
				CLANG_WARN_DIRECT_OBJC_ISA_USAGE = YES_ERROR;
				CLANG_WARN_DOCUMENTATION_COMMENTS = YES;
				CLANG_WARN_EMPTY_BODY = YES;
				CLANG_WARN_ENUM_CONVERSION = YES;
				CLANG_WARN_INFINITE_RECURSION = YES;
				CLANG_WARN_INT_CONVERSION = YES;
				CLANG_WARN_NON_LITERAL_NULL_CONVERSION = YES;
				CLANG_WARN_OBJC_IMPLICIT_RETAIN_SELF = YES;
				CLANG_WARN_OBJC_LITERAL_CONVERSION = YES;
				CLANG_WARN_OBJC_ROOT_CLASS = YES_ERROR;
				CLANG_WARN_RANGE_LOOP_ANALYSIS = YES;
				CLANG_WARN_STRICT_PROTOTYPES = YES;
				CLANG_WARN_SUSPICIOUS_MOVE = YES;
				CLANG_WARN_UNGUARDED_AVAILABILITY = YES_AGGRESSIVE;
				CLANG_WARN_UNREACHABLE_CODE = YES;
				CLANG_WARN__DUPLICATE_METHOD_MATCH = YES;
				COPY_PHASE_STRIP = NO;
				DEBUG_INFORMATION_FORMAT = dwarf;
				ENABLE_STRICT_OBJC_MSGSEND = YES;
				ENABLE_TESTABILITY = YES;
				GCC_C_LANGUAGE_STANDARD = gnu11;
				GCC_DYNAMIC_NO_PIC = NO;
				GCC_NO_COMMON_BLOCKS = YES;
				GCC_OPTIMIZATION_LEVEL = 0;
				GCC_PREPROCESSOR_DEFINITIONS = (
					"DEBUG=1",
					"$(inherited)",
				);
				GCC_WARN_64_TO_32_BIT_CONVERSION = YES;
				GCC_WARN_ABOUT_RETURN_TYPE = YES_ERROR;
				GCC_WARN_UNDECLARED_SELECTOR = YES;
				GCC_WARN_UNINITIALIZED_AUTOS = YES_AGGRESSIVE;
				GCC_WARN_UNUSED_FUNCTION = YES;
				GCC_WARN_UNUSED_VARIABLE = YES;
				IPHONEOS_DEPLOYMENT_TARGET = 13.2;
				MTL_ENABLE_DEBUG_INFO = INCLUDE_SOURCE;
				MTL_FAST_MATH = YES;
				ONLY_ACTIVE_ARCH = YES;
				SDKROOT = iphoneos;
				SWIFT_ACTIVE_COMPILATION_CONDITIONS = DEBUG;
				SWIFT_OPTIMIZATION_LEVEL = "-Onone";
			};
			name = Debug;
		};
		C81D71F6243624B200E7079A /* Release */ = {
			isa = XCBuildConfiguration;
			buildSettings = {
				ALWAYS_SEARCH_USER_PATHS = NO;
				CLANG_ANALYZER_NONNULL = YES;
				CLANG_ANALYZER_NUMBER_OBJECT_CONVERSION = YES_AGGRESSIVE;
				CLANG_CXX_LANGUAGE_STANDARD = "gnu++14";
				CLANG_CXX_LIBRARY = "libc++";
				CLANG_ENABLE_MODULES = YES;
				CLANG_ENABLE_OBJC_ARC = YES;
				CLANG_ENABLE_OBJC_WEAK = YES;
				CLANG_WARN_BLOCK_CAPTURE_AUTORELEASING = YES;
				CLANG_WARN_BOOL_CONVERSION = YES;
				CLANG_WARN_COMMA = YES;
				CLANG_WARN_CONSTANT_CONVERSION = YES;
				CLANG_WARN_DEPRECATED_OBJC_IMPLEMENTATIONS = YES;
				CLANG_WARN_DIRECT_OBJC_ISA_USAGE = YES_ERROR;
				CLANG_WARN_DOCUMENTATION_COMMENTS = YES;
				CLANG_WARN_EMPTY_BODY = YES;
				CLANG_WARN_ENUM_CONVERSION = YES;
				CLANG_WARN_INFINITE_RECURSION = YES;
				CLANG_WARN_INT_CONVERSION = YES;
				CLANG_WARN_NON_LITERAL_NULL_CONVERSION = YES;
				CLANG_WARN_OBJC_IMPLICIT_RETAIN_SELF = YES;
				CLANG_WARN_OBJC_LITERAL_CONVERSION = YES;
				CLANG_WARN_OBJC_ROOT_CLASS = YES_ERROR;
				CLANG_WARN_RANGE_LOOP_ANALYSIS = YES;
				CLANG_WARN_STRICT_PROTOTYPES = YES;
				CLANG_WARN_SUSPICIOUS_MOVE = YES;
				CLANG_WARN_UNGUARDED_AVAILABILITY = YES_AGGRESSIVE;
				CLANG_WARN_UNREACHABLE_CODE = YES;
				CLANG_WARN__DUPLICATE_METHOD_MATCH = YES;
				COPY_PHASE_STRIP = NO;
				DEBUG_INFORMATION_FORMAT = "dwarf-with-dsym";
				ENABLE_NS_ASSERTIONS = NO;
				ENABLE_STRICT_OBJC_MSGSEND = YES;
				GCC_C_LANGUAGE_STANDARD = gnu11;
				GCC_NO_COMMON_BLOCKS = YES;
				GCC_WARN_64_TO_32_BIT_CONVERSION = YES;
				GCC_WARN_ABOUT_RETURN_TYPE = YES_ERROR;
				GCC_WARN_UNDECLARED_SELECTOR = YES;
				GCC_WARN_UNINITIALIZED_AUTOS = YES_AGGRESSIVE;
				GCC_WARN_UNUSED_FUNCTION = YES;
				GCC_WARN_UNUSED_VARIABLE = YES;
				IPHONEOS_DEPLOYMENT_TARGET = 13.2;
				MTL_ENABLE_DEBUG_INFO = NO;
				MTL_FAST_MATH = YES;
				SDKROOT = iphoneos;
				SWIFT_COMPILATION_MODE = wholemodule;
				SWIFT_OPTIMIZATION_LEVEL = "-O";
				VALIDATE_PRODUCT = YES;
			};
			name = Release;
		};
		C81D71F8243624B200E7079A /* Debug */ = {
			isa = XCBuildConfiguration;
			buildSettings = {
				ASSETCATALOG_COMPILER_APPICON_NAME = AppIcon;
				CODE_SIGN_STYLE = Automatic;
				INFOPLIST_FILE = "Movie Static Table/Info.plist";
				LD_RUNPATH_SEARCH_PATHS = (
					"$(inherited)",
					"@executable_path/Frameworks",
				);
				PRODUCT_BUNDLE_IDENTIFIER = "com.example.Movie-Static-Table";
				PRODUCT_NAME = "$(TARGET_NAME)";
				SWIFT_VERSION = 5.0;
				TARGETED_DEVICE_FAMILY = "1,2";
			};
			name = Debug;
		};
		C81D71F9243624B200E7079A /* Release */ = {
			isa = XCBuildConfiguration;
			buildSettings = {
				ASSETCATALOG_COMPILER_APPICON_NAME = AppIcon;
				CODE_SIGN_STYLE = Automatic;
				INFOPLIST_FILE = "Movie Static Table/Info.plist";
				LD_RUNPATH_SEARCH_PATHS = (
					"$(inherited)",
					"@executable_path/Frameworks",
				);
				PRODUCT_BUNDLE_IDENTIFIER = "com.example.Movie-Static-Table";
				PRODUCT_NAME = "$(TARGET_NAME)";
				SWIFT_VERSION = 5.0;
				TARGETED_DEVICE_FAMILY = "1,2";
			};
			name = Release;
		};
/* End XCBuildConfiguration section */

/* Begin XCConfigurationList section */
		C81D71DB243624B100E7079A /* Build configuration list for PBXProject "Movie Static Table" */ = {
			isa = XCConfigurationList;
			buildConfigurations = (
				C81D71F5243624B200E7079A /* Debug */,
				C81D71F6243624B200E7079A /* Release */,
			);
			defaultConfigurationIsVisible = 0;
			defaultConfigurationName = Release;
		};
		C81D71F7243624B200E7079A /* Build configuration list for PBXNativeTarget "Movie Static Table" */ = {
			isa = XCConfigurationList;
			buildConfigurations = (
				C81D71F8243624B200E7079A /* Debug */,
				C81D71F9243624B200E7079A /* Release */,
			);
			defaultConfigurationIsVisible = 0;
			defaultConfigurationName = Release;
		};
/* End XCConfigurationList section */

/* Begin XCVersionGroup section */
		C81D71EC243624B100E7079A /* Movie_Static_Table.xcdatamodeld */ = {
			isa = XCVersionGroup;
			children = (
				C81D71ED243624B100E7079A /* Movie_Static_Table.xcdatamodel */,
			);
			currentVersion = C81D71ED243624B100E7079A /* Movie_Static_Table.xcdatamodel */;
			path = Movie_Static_Table.xcdatamodeld;
			sourceTree = "<group>";
			versionGroupType = wrapper.xcdatamodel;
		};
/* End XCVersionGroup section */
	};
	rootObject = C81D71D8243624B100E7079A /* Project object */;
}
